
Microsoft Visual Studio Solution File, Format Version 12.00
# Visual Studio Version 16
VisualStudioVersion = 16.0.30711.63
MinimumVisualStudioVersion = 10.0.40219.1
Project("{FAE04EC0-301F-11D3-BF4B-00C04F79EFBC}") = "Work3.1", "Work3.1\Work3.1.csproj", "{ECB2E5D2-7D65-4A91-A26C-7A883792D1EB}"
EndProject
Project("{FAE04EC0-301F-11D3-BF4B-00C04F79EFBC}") = "Work3.2", "Work3.2\Work3.2.csproj", "{CDB01424-4DD6-4F3E-B485-080FE34CCAD2}"
EndProject
Project("{FAE04EC0-301F-11D3-BF4B-00C04F79EFBC}") = "Work3.3", "Work3.3\Work3.3.csproj", "{272059AE-360B-4819-92FC-2FEF4F5D3D13}"
EndProject
Project("{FAE04EC0-301F-11D3-BF4B-00C04F79EFBC}") = "Work3.4", "Work3.4\Work3.4.csproj", "{3ADA5439-06E1-4273-A708-DDBF6C9CDE85}"
EndProject
Project("{FAE04EC0-301F-11D3-BF4B-00C04F79EFBC}") = "Work3.5", "Work3.5\Work3.5.csproj", "{82A39269-8429-4E42-BC31-85F55FDBD7BC}"
EndProject
Project("{FAE04EC0-301F-11D3-BF4B-00C04F79EFBC}") = "Work3.5.1", "Work3.5.1\Work3.5.1.csproj", "{5C8776C2-6CEC-495D-816E-9D6580F3B460}"
EndProject
Project("{FAE04EC0-301F-11D3-BF4B-00C04F79EFBC}") = "Work3.6", "Work3.6\Work3.6.csproj", "{354E6931-F9F8-478B-8D68-52CC46DA7D97}"
EndProject
Project("{FAE04EC0-301F-11D3-BF4B-00C04F79EFBC}") = "Work3.6.1", "Work3.6.1\Work3.6.1.csproj", "{72DF6B03-D1AD-4444-96DC-026FD7147498}"
EndProject
Project("{FAE04EC0-301F-11D3-BF4B-00C04F79EFBC}") = "Work3.6.2", "Work3.6.2\Work3.6.2.csproj", "{4C869ED5-6FFB-4C70-8003-07E9DCB1B21B}"
EndProject
Project("{FAE04EC0-301F-11D3-BF4B-00C04F79EFBC}") = "Work3.7", "Work3.7\Work3.7.csproj", "{12A9473E-A4E0-41A2-9888-BFB1A70B171A}"
EndProject
Project("{FAE04EC0-301F-11D3-BF4B-00C04F79EFBC}") = "Work3.8", "Work3.8\Work3.8.csproj", "{C9D0C5B0-4126-437E-A18D-2ACDD23CF819}"
EndProject
Project("{FAE04EC0-301F-11D3-BF4B-00C04F79EFBC}") = "Work3.9", "Work3.9\Work3.9.csproj", "{2DBCCBF3-0557-4C39-91F4-EE7F409F91AE}"
EndProject
Project("{FAE04EC0-301F-11D3-BF4B-00C04F79EFBC}") = "Work3.10", "Work3.10\Work3.10.csproj", "{39ADB4EB-A414-443F-BD14-239A0F0B738A}"
EndProject
Global
	GlobalSection(SolutionConfigurationPlatforms) = preSolution
		Debug|Any CPU = Debug|Any CPU
		Release|Any CPU = Release|Any CPU
	EndGlobalSection
	GlobalSection(ProjectConfigurationPlatforms) = postSolution
		{ECB2E5D2-7D65-4A91-A26C-7A883792D1EB}.Debug|Any CPU.ActiveCfg = Debug|Any CPU
		{ECB2E5D2-7D65-4A91-A26C-7A883792D1EB}.Debug|Any CPU.Build.0 = Debug|Any CPU
		{ECB2E5D2-7D65-4A91-A26C-7A883792D1EB}.Release|Any CPU.ActiveCfg = Release|Any CPU
		{ECB2E5D2-7D65-4A91-A26C-7A883792D1EB}.Release|Any CPU.Build.0 = Release|Any CPU
		{CDB01424-4DD6-4F3E-B485-080FE34CCAD2}.Debug|Any CPU.ActiveCfg = Debug|Any CPU
		{CDB01424-4DD6-4F3E-B485-080FE34CCAD2}.Debug|Any CPU.Build.0 = Debug|Any CPU
		{CDB01424-4DD6-4F3E-B485-080FE34CCAD2}.Release|Any CPU.ActiveCfg = Release|Any CPU
		{CDB01424-4DD6-4F3E-B485-080FE34CCAD2}.Release|Any CPU.Build.0 = Release|Any CPU
		{272059AE-360B-4819-92FC-2FEF4F5D3D13}.Debug|Any CPU.ActiveCfg = Debug|Any CPU
		{272059AE-360B-4819-92FC-2FEF4F5D3D13}.Debug|Any CPU.Build.0 = Debug|Any CPU
		{272059AE-360B-4819-92FC-2FEF4F5D3D13}.Release|Any CPU.ActiveCfg = Release|Any CPU
		{272059AE-360B-4819-92FC-2FEF4F5D3D13}.Release|Any CPU.Build.0 = Release|Any CPU
		{3ADA5439-06E1-4273-A708-DDBF6C9CDE85}.Debug|Any CPU.ActiveCfg = Debug|Any CPU
		{3ADA5439-06E1-4273-A708-DDBF6C9CDE85}.Debug|Any CPU.Build.0 = Debug|Any CPU
		{3ADA5439-06E1-4273-A708-DDBF6C9CDE85}.Release|Any CPU.ActiveCfg = Release|Any CPU
		{3ADA5439-06E1-4273-A708-DDBF6C9CDE85}.Release|Any CPU.Build.0 = Release|Any CPU
		{82A39269-8429-4E42-BC31-85F55FDBD7BC}.Debug|Any CPU.ActiveCfg = Debug|Any CPU
		{82A39269-8429-4E42-BC31-85F55FDBD7BC}.Debug|Any CPU.Build.0 = Debug|Any CPU
		{82A39269-8429-4E42-BC31-85F55FDBD7BC}.Release|Any CPU.ActiveCfg = Release|Any CPU
		{82A39269-8429-4E42-BC31-85F55FDBD7BC}.Release|Any CPU.Build.0 = Release|Any CPU
		{5C8776C2-6CEC-495D-816E-9D6580F3B460}.Debug|Any CPU.ActiveCfg = Debug|Any CPU
		{5C8776C2-6CEC-495D-816E-9D6580F3B460}.Debug|Any CPU.Build.0 = Debug|Any CPU
		{5C8776C2-6CEC-495D-816E-9D6580F3B460}.Release|Any CPU.ActiveCfg = Release|Any CPU
		{5C8776C2-6CEC-495D-816E-9D6580F3B460}.Release|Any CPU.Build.0 = Release|Any CPU
		{354E6931-F9F8-478B-8D68-52CC46DA7D97}.Debug|Any CPU.ActiveCfg = Debug|Any CPU
		{354E6931-F9F8-478B-8D68-52CC46DA7D97}.Debug|Any CPU.Build.0 = Debug|Any CPU
		{354E6931-F9F8-478B-8D68-52CC46DA7D97}.Release|Any CPU.ActiveCfg = Release|Any CPU
		{354E6931-F9F8-478B-8D68-52CC46DA7D97}.Release|Any CPU.Build.0 = Release|Any CPU
		{72DF6B03-D1AD-4444-96DC-026FD7147498}.Debug|Any CPU.ActiveCfg = Debug|Any CPU
		{72DF6B03-D1AD-4444-96DC-026FD7147498}.Debug|Any CPU.Build.0 = Debug|Any CPU
		{72DF6B03-D1AD-4444-96DC-026FD7147498}.Release|Any CPU.ActiveCfg = Release|Any CPU
		{72DF6B03-D1AD-4444-96DC-026FD7147498}.Release|Any CPU.Build.0 = Release|Any CPU
		{4C869ED5-6FFB-4C70-8003-07E9DCB1B21B}.Debug|Any CPU.ActiveCfg = Debug|Any CPU
		{4C869ED5-6FFB-4C70-8003-07E9DCB1B21B}.Debug|Any CPU.Build.0 = Debug|Any CPU
		{4C869ED5-6FFB-4C70-8003-07E9DCB1B21B}.Release|Any CPU.ActiveCfg = Release|Any CPU
		{4C869ED5-6FFB-4C70-8003-07E9DCB1B21B}.Release|Any CPU.Build.0 = Release|Any CPU
		{12A9473E-A4E0-41A2-9888-BFB1A70B171A}.Debug|Any CPU.ActiveCfg = Debug|Any CPU
		{12A9473E-A4E0-41A2-9888-BFB1A70B171A}.Debug|Any CPU.Build.0 = Debug|Any CPU
		{12A9473E-A4E0-41A2-9888-BFB1A70B171A}.Release|Any CPU.ActiveCfg = Release|Any CPU
		{12A9473E-A4E0-41A2-9888-BFB1A70B171A}.Release|Any CPU.Build.0 = Release|Any CPU
		{C9D0C5B0-4126-437E-A18D-2ACDD23CF819}.Debug|Any CPU.ActiveCfg = Debug|Any CPU
		{C9D0C5B0-4126-437E-A18D-2ACDD23CF819}.Debug|Any CPU.Build.0 = Debug|Any CPU
		{C9D0C5B0-4126-437E-A18D-2ACDD23CF819}.Release|Any CPU.ActiveCfg = Release|Any CPU
		{C9D0C5B0-4126-437E-A18D-2ACDD23CF819}.Release|Any CPU.Build.0 = Release|Any CPU
		{2DBCCBF3-0557-4C39-91F4-EE7F409F91AE}.Debug|Any CPU.ActiveCfg = Debug|Any CPU
		{2DBCCBF3-0557-4C39-91F4-EE7F409F91AE}.Debug|Any CPU.Build.0 = Debug|Any CPU
		{2DBCCBF3-0557-4C39-91F4-EE7F409F91AE}.Release|Any CPU.ActiveCfg = Release|Any CPU
		{2DBCCBF3-0557-4C39-91F4-EE7F409F91AE}.Release|Any CPU.Build.0 = Release|Any CPU
		{39ADB4EB-A414-443F-BD14-239A0F0B738A}.Debug|Any CPU.ActiveCfg = Debug|Any CPU
		{39ADB4EB-A414-443F-BD14-239A0F0B738A}.Debug|Any CPU.Build.0 = Debug|Any CPU
		{39ADB4EB-A414-443F-BD14-239A0F0B738A}.Release|Any CPU.ActiveCfg = Release|Any CPU
		{39ADB4EB-A414-443F-BD14-239A0F0B738A}.Release|Any CPU.Build.0 = Release|Any CPU
	EndGlobalSection
	GlobalSection(SolutionProperties) = preSolution
		HideSolutionNode = FALSE
	EndGlobalSection
	GlobalSection(ExtensibilityGlobals) = postSolution
		SolutionGuid = {1EC35F0D-E7C1-4037-8EE7-228EC30FB137}
	EndGlobalSection
EndGlobal
