
Microsoft Visual Studio Solution File, Format Version 12.00
# Visual Studio Version 16
VisualStudioVersion = 16.0.30711.63
MinimumVisualStudioVersion = 10.0.40219.1
Project("{FAE04EC0-301F-11D3-BF4B-00C04F79EFBC}") = "DesktopIndependentWork1.7", "DesktopIndependentWork1.7\DesktopIndependentWork1.7.csproj", "{81131B56-DCC7-4306-9D56-90A0EC15AC11}"
EndProject
Global
	GlobalSection(SolutionConfigurationPlatforms) = preSolution
		Debug|Any CPU = Debug|Any CPU
		Release|Any CPU = Release|Any CPU
	EndGlobalSection
	GlobalSection(ProjectConfigurationPlatforms) = postSolution
		{81131B56-DCC7-4306-9D56-90A0EC15AC11}.Debug|Any CPU.ActiveCfg = Debug|Any CPU
		{81131B56-DCC7-4306-9D56-90A0EC15AC11}.Debug|Any CPU.Build.0 = Debug|Any CPU
		{81131B56-DCC7-4306-9D56-90A0EC15AC11}.Release|Any CPU.ActiveCfg = Release|Any CPU
		{81131B56-DCC7-4306-9D56-90A0EC15AC11}.Release|Any CPU.Build.0 = Release|Any CPU
	EndGlobalSection
	GlobalSection(SolutionProperties) = preSolution
		HideSolutionNode = FALSE
	EndGlobalSection
	GlobalSection(ExtensibilityGlobals) = postSolution
		SolutionGuid = {EFC3F8AA-1194-471A-9E4B-454187AFF388}
	EndGlobalSection
EndGlobal
