
Microsoft Visual Studio Solution File, Format Version 12.00
# Visual Studio Version 16
VisualStudioVersion = 16.0.30711.63
MinimumVisualStudioVersion = 10.0.40219.1
Project("{FAE04EC0-301F-11D3-BF4B-00C04F79EFBC}") = "DesktopIndependentWork2.7", "DesktopIndependentWork2.7\DesktopIndependentWork2.7.csproj", "{DC3116D8-D14E-4A61-AEC0-5958330BBB09}"
EndProject
Global
	GlobalSection(SolutionConfigurationPlatforms) = preSolution
		Debug|Any CPU = Debug|Any CPU
		Release|Any CPU = Release|Any CPU
	EndGlobalSection
	GlobalSection(ProjectConfigurationPlatforms) = postSolution
		{DC3116D8-D14E-4A61-AEC0-5958330BBB09}.Debug|Any CPU.ActiveCfg = Debug|Any CPU
		{DC3116D8-D14E-4A61-AEC0-5958330BBB09}.Debug|Any CPU.Build.0 = Debug|Any CPU
		{DC3116D8-D14E-4A61-AEC0-5958330BBB09}.Release|Any CPU.ActiveCfg = Release|Any CPU
		{DC3116D8-D14E-4A61-AEC0-5958330BBB09}.Release|Any CPU.Build.0 = Release|Any CPU
	EndGlobalSection
	GlobalSection(SolutionProperties) = preSolution
		HideSolutionNode = FALSE
	EndGlobalSection
	GlobalSection(ExtensibilityGlobals) = postSolution
		SolutionGuid = {FF3C02F4-C770-4D29-9ACA-9E9C7A647722}
	EndGlobalSection
EndGlobal
