
Microsoft Visual Studio Solution File, Format Version 12.00
# Visual Studio Version 16
VisualStudioVersion = 16.0.30711.63
MinimumVisualStudioVersion = 10.0.40219.1
Project("{FAE04EC0-301F-11D3-BF4B-00C04F79EFBC}") = "ConsoleIndependentWork1", "ConsoleIndependentWork1\ConsoleIndependentWork1.csproj", "{61E47205-7E0C-45F3-8BA6-507D13C3BC9B}"
EndProject
Global
	GlobalSection(SolutionConfigurationPlatforms) = preSolution
		Debug|Any CPU = Debug|Any CPU
		Release|Any CPU = Release|Any CPU
	EndGlobalSection
	GlobalSection(ProjectConfigurationPlatforms) = postSolution
		{61E47205-7E0C-45F3-8BA6-507D13C3BC9B}.Debug|Any CPU.ActiveCfg = Debug|Any CPU
		{61E47205-7E0C-45F3-8BA6-507D13C3BC9B}.Debug|Any CPU.Build.0 = Debug|Any CPU
		{61E47205-7E0C-45F3-8BA6-507D13C3BC9B}.Release|Any CPU.ActiveCfg = Release|Any CPU
		{61E47205-7E0C-45F3-8BA6-507D13C3BC9B}.Release|Any CPU.Build.0 = Release|Any CPU
	EndGlobalSection
	GlobalSection(SolutionProperties) = preSolution
		HideSolutionNode = FALSE
	EndGlobalSection
	GlobalSection(ExtensibilityGlobals) = postSolution
		SolutionGuid = {64DB3A81-9862-4DC6-B775-3DE2731FF08F}
	EndGlobalSection
EndGlobal
