
Microsoft Visual Studio Solution File, Format Version 12.00
# Visual Studio Version 16
VisualStudioVersion = 16.0.30711.63
MinimumVisualStudioVersion = 10.0.40219.1
Project("{FAE04EC0-301F-11D3-BF4B-00C04F79EFBC}") = "Work8.1", "Work8.1\Work8.1.csproj", "{BF7AA330-E205-4948-BF25-C5762BB7B3EA}"
EndProject
Project("{FAE04EC0-301F-11D3-BF4B-00C04F79EFBC}") = "Work8.2", "Work8.2\Work8.2.csproj", "{53FE9587-118A-439A-8B3A-E254B905EFC0}"
EndProject
Project("{FAE04EC0-301F-11D3-BF4B-00C04F79EFBC}") = "Work8.3", "Work8.3\Work8.3.csproj", "{2AAB84F6-DFF2-4CDC-98E6-3226FE33376E}"
EndProject
Global
	GlobalSection(SolutionConfigurationPlatforms) = preSolution
		Debug|Any CPU = Debug|Any CPU
		Release|Any CPU = Release|Any CPU
	EndGlobalSection
	GlobalSection(ProjectConfigurationPlatforms) = postSolution
		{BF7AA330-E205-4948-BF25-C5762BB7B3EA}.Debug|Any CPU.ActiveCfg = Debug|Any CPU
		{BF7AA330-E205-4948-BF25-C5762BB7B3EA}.Debug|Any CPU.Build.0 = Debug|Any CPU
		{BF7AA330-E205-4948-BF25-C5762BB7B3EA}.Release|Any CPU.ActiveCfg = Release|Any CPU
		{BF7AA330-E205-4948-BF25-C5762BB7B3EA}.Release|Any CPU.Build.0 = Release|Any CPU
		{53FE9587-118A-439A-8B3A-E254B905EFC0}.Debug|Any CPU.ActiveCfg = Debug|Any CPU
		{53FE9587-118A-439A-8B3A-E254B905EFC0}.Debug|Any CPU.Build.0 = Debug|Any CPU
		{53FE9587-118A-439A-8B3A-E254B905EFC0}.Release|Any CPU.ActiveCfg = Release|Any CPU
		{53FE9587-118A-439A-8B3A-E254B905EFC0}.Release|Any CPU.Build.0 = Release|Any CPU
		{2AAB84F6-DFF2-4CDC-98E6-3226FE33376E}.Debug|Any CPU.ActiveCfg = Debug|Any CPU
		{2AAB84F6-DFF2-4CDC-98E6-3226FE33376E}.Debug|Any CPU.Build.0 = Debug|Any CPU
		{2AAB84F6-DFF2-4CDC-98E6-3226FE33376E}.Release|Any CPU.ActiveCfg = Release|Any CPU
		{2AAB84F6-DFF2-4CDC-98E6-3226FE33376E}.Release|Any CPU.Build.0 = Release|Any CPU
	EndGlobalSection
	GlobalSection(SolutionProperties) = preSolution
		HideSolutionNode = FALSE
	EndGlobalSection
	GlobalSection(ExtensibilityGlobals) = postSolution
		SolutionGuid = {3E6FEFB0-27CB-4EDE-8A7B-2194498847BC}
	EndGlobalSection
EndGlobal
