
Microsoft Visual Studio Solution File, Format Version 12.00
# Visual Studio Version 16
VisualStudioVersion = 16.0.30711.63
MinimumVisualStudioVersion = 10.0.40219.1
Project("{FAE04EC0-301F-11D3-BF4B-00C04F79EFBC}") = "DesktopIndependentWork2.4", "DesktopIndependentWork2.4\DesktopIndependentWork2.4.csproj", "{F54223F4-CD51-496F-B327-5C07A76BFEDE}"
EndProject
Global
	GlobalSection(SolutionConfigurationPlatforms) = preSolution
		Debug|Any CPU = Debug|Any CPU
		Release|Any CPU = Release|Any CPU
	EndGlobalSection
	GlobalSection(ProjectConfigurationPlatforms) = postSolution
		{F54223F4-CD51-496F-B327-5C07A76BFEDE}.Debug|Any CPU.ActiveCfg = Debug|Any CPU
		{F54223F4-CD51-496F-B327-5C07A76BFEDE}.Debug|Any CPU.Build.0 = Debug|Any CPU
		{F54223F4-CD51-496F-B327-5C07A76BFEDE}.Release|Any CPU.ActiveCfg = Release|Any CPU
		{F54223F4-CD51-496F-B327-5C07A76BFEDE}.Release|Any CPU.Build.0 = Release|Any CPU
	EndGlobalSection
	GlobalSection(SolutionProperties) = preSolution
		HideSolutionNode = FALSE
	EndGlobalSection
	GlobalSection(ExtensibilityGlobals) = postSolution
		SolutionGuid = {7AAF914D-C935-4607-994C-368AB5F31F08}
	EndGlobalSection
EndGlobal
