
Microsoft Visual Studio Solution File, Format Version 12.00
# Visual Studio Version 16
VisualStudioVersion = 16.0.30711.63
MinimumVisualStudioVersion = 10.0.40219.1
Project("{FAE04EC0-301F-11D3-BF4B-00C04F79EFBC}") = "DesktopIndependentWork1.9", "DesktopIndependentWork1.9\DesktopIndependentWork1.9.csproj", "{80262DBF-A88A-451B-998F-B4E4AD0CCD78}"
EndProject
Global
	GlobalSection(SolutionConfigurationPlatforms) = preSolution
		Debug|Any CPU = Debug|Any CPU
		Release|Any CPU = Release|Any CPU
	EndGlobalSection
	GlobalSection(ProjectConfigurationPlatforms) = postSolution
		{80262DBF-A88A-451B-998F-B4E4AD0CCD78}.Debug|Any CPU.ActiveCfg = Debug|Any CPU
		{80262DBF-A88A-451B-998F-B4E4AD0CCD78}.Debug|Any CPU.Build.0 = Debug|Any CPU
		{80262DBF-A88A-451B-998F-B4E4AD0CCD78}.Release|Any CPU.ActiveCfg = Release|Any CPU
		{80262DBF-A88A-451B-998F-B4E4AD0CCD78}.Release|Any CPU.Build.0 = Release|Any CPU
	EndGlobalSection
	GlobalSection(SolutionProperties) = preSolution
		HideSolutionNode = FALSE
	EndGlobalSection
	GlobalSection(ExtensibilityGlobals) = postSolution
		SolutionGuid = {C01E5001-8854-47F1-895E-EF0B7EBAA74E}
	EndGlobalSection
EndGlobal
