
Microsoft Visual Studio Solution File, Format Version 12.00
# Visual Studio Version 16
VisualStudioVersion = 16.0.30711.63
MinimumVisualStudioVersion = 10.0.40219.1
Project("{FAE04EC0-301F-11D3-BF4B-00C04F79EFBC}") = "DesktopIndependentWork2.6", "DesktopIndependentWork2.6\DesktopIndependentWork2.6.csproj", "{CCD007BF-A9D8-416B-B1AA-81AD3798308A}"
EndProject
Global
	GlobalSection(SolutionConfigurationPlatforms) = preSolution
		Debug|Any CPU = Debug|Any CPU
		Release|Any CPU = Release|Any CPU
	EndGlobalSection
	GlobalSection(ProjectConfigurationPlatforms) = postSolution
		{CCD007BF-A9D8-416B-B1AA-81AD3798308A}.Debug|Any CPU.ActiveCfg = Debug|Any CPU
		{CCD007BF-A9D8-416B-B1AA-81AD3798308A}.Debug|Any CPU.Build.0 = Debug|Any CPU
		{CCD007BF-A9D8-416B-B1AA-81AD3798308A}.Release|Any CPU.ActiveCfg = Release|Any CPU
		{CCD007BF-A9D8-416B-B1AA-81AD3798308A}.Release|Any CPU.Build.0 = Release|Any CPU
	EndGlobalSection
	GlobalSection(SolutionProperties) = preSolution
		HideSolutionNode = FALSE
	EndGlobalSection
	GlobalSection(ExtensibilityGlobals) = postSolution
		SolutionGuid = {AAA234B8-8CE8-4014-AAAA-FBE266B14E85}
	EndGlobalSection
EndGlobal
